// !$*UTF8*$!
{
	archiveVersion = 1;
	classes = {
	};
	objectVersion = 50;
	objects = {

/* Begin PBXBuildFile section */
		39849A0B2167EA33005AE113 /* Sampler.swift in Sources */ = {isa = PBXBuildFile; fileRef = 39849A0A2167EA33005AE113 /* Sampler.swift */; };
		39849A0E21680650005AE113 /* Endpoint.swift in Sources */ = {isa = PBXBuildFile; fileRef = 39849A0D21680650005AE113 /* Endpoint.swift */; };
		39849A11216806B7005AE113 /* NetworkClientMock.swift in Sources */ = {isa = PBXBuildFile; fileRef = 39849A10216806B7005AE113 /* NetworkClientMock.swift */; };
		39849A15216808FA005AE113 /* DummyJSON.json in Resources */ = {isa = PBXBuildFile; fileRef = 39849A14216808FA005AE113 /* DummyJSON.json */; };
		39849A1721680929005AE113 /* JSONProvider.swift in Sources */ = {isa = PBXBuildFile; fileRef = 39849A1621680929005AE113 /* JSONProvider.swift */; };
		39849A1921680BA3005AE113 /* EntityProvider.swift in Sources */ = {isa = PBXBuildFile; fileRef = 39849A1821680BA3005AE113 /* EntityProvider.swift */; };
		39849A1C21680FCB005AE113 /* CurrenciesCalculatorPresenterTests.swift in Sources */ = {isa = PBXBuildFile; fileRef = 39849A1B21680FCB005AE113 /* CurrenciesCalculatorPresenterTests.swift */; };
		39849A1F21681074005AE113 /* CurrenciesCalculatorInteractorMock.swift in Sources */ = {isa = PBXBuildFile; fileRef = 39849A1E21681074005AE113 /* CurrenciesCalculatorInteractorMock.swift */; };
		39849A21216811CC005AE113 /* CurrenciesCalculatorViewStub.swift in Sources */ = {isa = PBXBuildFile; fileRef = 39849A20216811CC005AE113 /* CurrenciesCalculatorViewStub.swift */; };
		BB038A39216767B00048F3F5 /* AppDelegate.swift in Sources */ = {isa = PBXBuildFile; fileRef = BB038A38216767B00048F3F5 /* AppDelegate.swift */; };
		BB038A40216767B20048F3F5 /* Assets.xcassets in Resources */ = {isa = PBXBuildFile; fileRef = BB038A3F216767B20048F3F5 /* Assets.xcassets */; };
		BB038A43216767B20048F3F5 /* LaunchScreen.storyboard in Resources */ = {isa = PBXBuildFile; fileRef = BB038A41216767B20048F3F5 /* LaunchScreen.storyboard */; };
		BB038A4E216767B30048F3F5 /* CurrenciesCalculatorTests.swift in Sources */ = {isa = PBXBuildFile; fileRef = BB038A4D216767B30048F3F5 /* CurrenciesCalculatorTests.swift */; };
		BB038A5A216768490048F3F5 /* CurrencyTableViewCell.swift in Sources */ = {isa = PBXBuildFile; fileRef = BB038A59216768490048F3F5 /* CurrencyTableViewCell.swift */; };
		BB038A5C2167699F0048F3F5 /* ViewSize.swift in Sources */ = {isa = PBXBuildFile; fileRef = BB038A5B2167699F0048F3F5 /* ViewSize.swift */; };
		BB038A5E21676B420048F3F5 /* CurrencyCellViewModel.swift in Sources */ = {isa = PBXBuildFile; fileRef = BB038A5D21676B420048F3F5 /* CurrencyCellViewModel.swift */; };
		BB038A602167873D0048F3F5 /* CurrenciesDataDisplayManager.swift in Sources */ = {isa = PBXBuildFile; fileRef = BB038A5F2167873D0048F3F5 /* CurrenciesDataDisplayManager.swift */; };
		BB038A6821678FC40048F3F5 /* CurrenciesCalculatorPresenter.swift in Sources */ = {isa = PBXBuildFile; fileRef = BB038A6221678FC40048F3F5 /* CurrenciesCalculatorPresenter.swift */; };
		BB038A6A21678FC40048F3F5 /* CurrenciesCalculatorViewController.swift in Sources */ = {isa = PBXBuildFile; fileRef = BB038A6421678FC40048F3F5 /* CurrenciesCalculatorViewController.swift */; };
		BB038A6B21678FC40048F3F5 /* CurrenciesCalculatorProtocols.swift in Sources */ = {isa = PBXBuildFile; fileRef = BB038A6521678FC40048F3F5 /* CurrenciesCalculatorProtocols.swift */; };
		BB038A6C21678FC40048F3F5 /* CurrenciesCalculatorInteractor.swift in Sources */ = {isa = PBXBuildFile; fileRef = BB038A6621678FC40048F3F5 /* CurrenciesCalculatorInteractor.swift */; };
		BB038A6D21678FC40048F3F5 /* CurrenciesCalculatorContainer.swift in Sources */ = {isa = PBXBuildFile; fileRef = BB038A6721678FC40048F3F5 /* CurrenciesCalculatorContainer.swift */; };
		BB038A702167909D0048F3F5 /* Currency.swift in Sources */ = {isa = PBXBuildFile; fileRef = BB038A6F2167909D0048F3F5 /* Currency.swift */; };
		BB038A72216792CF0048F3F5 /* NetworkClient.swift in Sources */ = {isa = PBXBuildFile; fileRef = BB038A71216792CF0048F3F5 /* NetworkClient.swift */; };
		BB038A7421679F3D0048F3F5 /* CurrenciesService.swift in Sources */ = {isa = PBXBuildFile; fileRef = BB038A7321679F3D0048F3F5 /* CurrenciesService.swift */; };
		BB038A7621679F910048F3F5 /* Result.swift in Sources */ = {isa = PBXBuildFile; fileRef = BB038A7521679F910048F3F5 /* Result.swift */; };
/* End PBXBuildFile section */

/* Begin PBXContainerItemProxy section */
		BB038A4A216767B30048F3F5 /* PBXContainerItemProxy */ = {
			isa = PBXContainerItemProxy;
			containerPortal = BB038A2D216767B00048F3F5 /* Project object */;
			proxyType = 1;
			remoteGlobalIDString = BB038A34216767B00048F3F5;
			remoteInfo = CurrenciesCalculator;
		};
/* End PBXContainerItemProxy section */

/* Begin PBXFileReference section */
		39849A0A2167EA33005AE113 /* Sampler.swift */ = {isa = PBXFileReference; lastKnownFileType = sourcecode.swift; path = Sampler.swift; sourceTree = "<group>"; };
		39849A0D21680650005AE113 /* Endpoint.swift */ = {isa = PBXFileReference; lastKnownFileType = sourcecode.swift; path = Endpoint.swift; sourceTree = "<group>"; };
		39849A10216806B7005AE113 /* NetworkClientMock.swift */ = {isa = PBXFileReference; lastKnownFileType = sourcecode.swift; path = NetworkClientMock.swift; sourceTree = "<group>"; };
		39849A14216808FA005AE113 /* DummyJSON.json */ = {isa = PBXFileReference; fileEncoding = 4; lastKnownFileType = text.json; path = DummyJSON.json; sourceTree = "<group>"; };
		39849A1621680929005AE113 /* JSONProvider.swift */ = {isa = PBXFileReference; lastKnownFileType = sourcecode.swift; path = JSONProvider.swift; sourceTree = "<group>"; };
		39849A1821680BA3005AE113 /* EntityProvider.swift */ = {isa = PBXFileReference; lastKnownFileType = sourcecode.swift; path = EntityProvider.swift; sourceTree = "<group>"; };
		39849A1B21680FCB005AE113 /* CurrenciesCalculatorPresenterTests.swift */ = {isa = PBXFileReference; lastKnownFileType = sourcecode.swift; path = CurrenciesCalculatorPresenterTests.swift; sourceTree = "<group>"; };
		39849A1E21681074005AE113 /* CurrenciesCalculatorInteractorMock.swift */ = {isa = PBXFileReference; lastKnownFileType = sourcecode.swift; path = CurrenciesCalculatorInteractorMock.swift; sourceTree = "<group>"; };
		39849A20216811CC005AE113 /* CurrenciesCalculatorViewStub.swift */ = {isa = PBXFileReference; lastKnownFileType = sourcecode.swift; path = CurrenciesCalculatorViewStub.swift; sourceTree = "<group>"; };
		BB038A35216767B00048F3F5 /* CurrenciesCalculator.app */ = {isa = PBXFileReference; explicitFileType = wrapper.application; includeInIndex = 0; path = CurrenciesCalculator.app; sourceTree = BUILT_PRODUCTS_DIR; };
		BB038A38216767B00048F3F5 /* AppDelegate.swift */ = {isa = PBXFileReference; lastKnownFileType = sourcecode.swift; path = AppDelegate.swift; sourceTree = "<group>"; };
		BB038A3F216767B20048F3F5 /* Assets.xcassets */ = {isa = PBXFileReference; lastKnownFileType = folder.assetcatalog; path = Assets.xcassets; sourceTree = "<group>"; };
		BB038A42216767B20048F3F5 /* Base */ = {isa = PBXFileReference; lastKnownFileType = file.storyboard; name = Base; path = Base.lproj/LaunchScreen.storyboard; sourceTree = "<group>"; };
		BB038A44216767B20048F3F5 /* Info.plist */ = {isa = PBXFileReference; lastKnownFileType = text.plist.xml; path = Info.plist; sourceTree = "<group>"; };
		BB038A49216767B30048F3F5 /* CurrenciesCalculatorTests.xctest */ = {isa = PBXFileReference; explicitFileType = wrapper.cfbundle; includeInIndex = 0; path = CurrenciesCalculatorTests.xctest; sourceTree = BUILT_PRODUCTS_DIR; };
		BB038A4D216767B30048F3F5 /* CurrenciesCalculatorTests.swift */ = {isa = PBXFileReference; lastKnownFileType = sourcecode.swift; path = CurrenciesCalculatorTests.swift; sourceTree = "<group>"; };
		BB038A4F216767B30048F3F5 /* Info.plist */ = {isa = PBXFileReference; lastKnownFileType = text.plist.xml; path = Info.plist; sourceTree = "<group>"; };
		BB038A59216768490048F3F5 /* CurrencyTableViewCell.swift */ = {isa = PBXFileReference; lastKnownFileType = sourcecode.swift; path = CurrencyTableViewCell.swift; sourceTree = "<group>"; };
		BB038A5B2167699F0048F3F5 /* ViewSize.swift */ = {isa = PBXFileReference; lastKnownFileType = sourcecode.swift; path = ViewSize.swift; sourceTree = "<group>"; };
		BB038A5D21676B420048F3F5 /* CurrencyCellViewModel.swift */ = {isa = PBXFileReference; lastKnownFileType = sourcecode.swift; path = CurrencyCellViewModel.swift; sourceTree = "<group>"; };
		BB038A5F2167873D0048F3F5 /* CurrenciesDataDisplayManager.swift */ = {isa = PBXFileReference; lastKnownFileType = sourcecode.swift; path = CurrenciesDataDisplayManager.swift; sourceTree = "<group>"; };
		BB038A6221678FC40048F3F5 /* CurrenciesCalculatorPresenter.swift */ = {isa = PBXFileReference; lastKnownFileType = sourcecode.swift; path = CurrenciesCalculatorPresenter.swift; sourceTree = "<group>"; };
		BB038A6421678FC40048F3F5 /* CurrenciesCalculatorViewController.swift */ = {isa = PBXFileReference; lastKnownFileType = sourcecode.swift; path = CurrenciesCalculatorViewController.swift; sourceTree = "<group>"; };
		BB038A6521678FC40048F3F5 /* CurrenciesCalculatorProtocols.swift */ = {isa = PBXFileReference; lastKnownFileType = sourcecode.swift; path = CurrenciesCalculatorProtocols.swift; sourceTree = "<group>"; };
		BB038A6621678FC40048F3F5 /* CurrenciesCalculatorInteractor.swift */ = {isa = PBXFileReference; lastKnownFileType = sourcecode.swift; path = CurrenciesCalculatorInteractor.swift; sourceTree = "<group>"; };
		BB038A6721678FC40048F3F5 /* CurrenciesCalculatorContainer.swift */ = {isa = PBXFileReference; lastKnownFileType = sourcecode.swift; path = CurrenciesCalculatorContainer.swift; sourceTree = "<group>"; };
		BB038A6F2167909D0048F3F5 /* Currency.swift */ = {isa = PBXFileReference; lastKnownFileType = sourcecode.swift; path = Currency.swift; sourceTree = "<group>"; };
		BB038A71216792CF0048F3F5 /* NetworkClient.swift */ = {isa = PBXFileReference; lastKnownFileType = sourcecode.swift; path = NetworkClient.swift; sourceTree = "<group>"; };
		BB038A7321679F3D0048F3F5 /* CurrenciesService.swift */ = {isa = PBXFileReference; lastKnownFileType = sourcecode.swift; path = CurrenciesService.swift; sourceTree = "<group>"; };
		BB038A7521679F910048F3F5 /* Result.swift */ = {isa = PBXFileReference; lastKnownFileType = sourcecode.swift; path = Result.swift; sourceTree = "<group>"; };
/* End PBXFileReference section */

/* Begin PBXFrameworksBuildPhase section */
		BB038A32216767B00048F3F5 /* Frameworks */ = {
			isa = PBXFrameworksBuildPhase;
			buildActionMask = 2147483647;
			files = (
			);
			runOnlyForDeploymentPostprocessing = 0;
		};
		BB038A46216767B30048F3F5 /* Frameworks */ = {
			isa = PBXFrameworksBuildPhase;
			buildActionMask = 2147483647;
			files = (
			);
			runOnlyForDeploymentPostprocessing = 0;
		};
/* End PBXFrameworksBuildPhase section */

/* Begin PBXGroup section */
		39849A0C21680645005AE113 /* Core */ = {
			isa = PBXGroup;
			children = (
				BB038A71216792CF0048F3F5 /* NetworkClient.swift */,
				39849A0D21680650005AE113 /* Endpoint.swift */,
			);
			path = Core;
			sourceTree = "<group>";
		};
		39849A0F2168068F005AE113 /* TestDoubles */ = {
			isa = PBXGroup;
			children = (
				39849A10216806B7005AE113 /* NetworkClientMock.swift */,
			);
			path = TestDoubles;
			sourceTree = "<group>";
		};
		39849A12216808D0005AE113 /* ServiceTests */ = {
			isa = PBXGroup;
			children = (
				39849A0F2168068F005AE113 /* TestDoubles */,
				BB038A4D216767B30048F3F5 /* CurrenciesCalculatorTests.swift */,
			);
			path = ServiceTests;
			sourceTree = "<group>";
		};
		39849A13216808DF005AE113 /* Resources */ = {
			isa = PBXGroup;
			children = (
				39849A14216808FA005AE113 /* DummyJSON.json */,
				39849A1621680929005AE113 /* JSONProvider.swift */,
				39849A1821680BA3005AE113 /* EntityProvider.swift */,
			);
			path = Resources;
			sourceTree = "<group>";
		};
		39849A1A21680FAC005AE113 /* PresenterTests */ = {
			isa = PBXGroup;
			children = (
				39849A1D2168106A005AE113 /* TestDoubles */,
				39849A1B21680FCB005AE113 /* CurrenciesCalculatorPresenterTests.swift */,
			);
			path = PresenterTests;
			sourceTree = "<group>";
		};
		39849A1D2168106A005AE113 /* TestDoubles */ = {
			isa = PBXGroup;
			children = (
				39849A1E21681074005AE113 /* CurrenciesCalculatorInteractorMock.swift */,
				39849A20216811CC005AE113 /* CurrenciesCalculatorViewStub.swift */,
			);
			path = TestDoubles;
			sourceTree = "<group>";
		};
		BB038A2C216767B00048F3F5 = {
			isa = PBXGroup;
			children = (
				BB038A37216767B00048F3F5 /* CurrenciesCalculator */,
				BB038A4C216767B30048F3F5 /* CurrenciesCalculatorTests */,
				BB038A36216767B00048F3F5 /* Products */,
			);
			sourceTree = "<group>";
		};
		BB038A36216767B00048F3F5 /* Products */ = {
			isa = PBXGroup;
			children = (
				BB038A35216767B00048F3F5 /* CurrenciesCalculator.app */,
				BB038A49216767B30048F3F5 /* CurrenciesCalculatorTests.xctest */,
			);
			name = Products;
			sourceTree = "<group>";
		};
		BB038A37216767B00048F3F5 /* CurrenciesCalculator */ = {
			isa = PBXGroup;
			children = (
				39849A0C21680645005AE113 /* Core */,
				BB038A6E216790870048F3F5 /* BusinessLogic */,
				BB038A6121678FAB0048F3F5 /* View */,
				BB038A38216767B00048F3F5 /* AppDelegate.swift */,
				BB038A3F216767B20048F3F5 /* Assets.xcassets */,
				BB038A41216767B20048F3F5 /* LaunchScreen.storyboard */,
				BB038A44216767B20048F3F5 /* Info.plist */,
			);
			path = CurrenciesCalculator;
			sourceTree = "<group>";
		};
		BB038A4C216767B30048F3F5 /* CurrenciesCalculatorTests */ = {
			isa = PBXGroup;
			children = (
				39849A13216808DF005AE113 /* Resources */,
				39849A1A21680FAC005AE113 /* PresenterTests */,
				39849A12216808D0005AE113 /* ServiceTests */,
				BB038A4F216767B30048F3F5 /* Info.plist */,
			);
			path = CurrenciesCalculatorTests;
			sourceTree = "<group>";
		};
		BB038A58216768070048F3F5 /* Cells */ = {
			isa = PBXGroup;
			children = (
				BB038A59216768490048F3F5 /* CurrencyTableViewCell.swift */,
				BB038A5D21676B420048F3F5 /* CurrencyCellViewModel.swift */,
				BB038A5B2167699F0048F3F5 /* ViewSize.swift */,
			);
			path = Cells;
			sourceTree = "<group>";
		};
		BB038A6121678FAB0048F3F5 /* View */ = {
			isa = PBXGroup;
			children = (
				BB038A5F2167873D0048F3F5 /* CurrenciesDataDisplayManager.swift */,
				BB038A58216768070048F3F5 /* Cells */,
				BB038A6221678FC40048F3F5 /* CurrenciesCalculatorPresenter.swift */,
				BB038A6421678FC40048F3F5 /* CurrenciesCalculatorViewController.swift */,
				BB038A6521678FC40048F3F5 /* CurrenciesCalculatorProtocols.swift */,
				BB038A6621678FC40048F3F5 /* CurrenciesCalculatorInteractor.swift */,
				BB038A6721678FC40048F3F5 /* CurrenciesCalculatorContainer.swift */,
			);
			path = View;
			sourceTree = "<group>";
		};
		BB038A6E216790870048F3F5 /* BusinessLogic */ = {
			isa = PBXGroup;
			children = (
				BB038A6F2167909D0048F3F5 /* Currency.swift */,
				BB038A7321679F3D0048F3F5 /* CurrenciesService.swift */,
				BB038A7521679F910048F3F5 /* Result.swift */,
				39849A0A2167EA33005AE113 /* Sampler.swift */,
			);
			path = BusinessLogic;
			sourceTree = "<group>";
		};
/* End PBXGroup section */

/* Begin PBXNativeTarget section */
		BB038A34216767B00048F3F5 /* CurrenciesCalculator */ = {
			isa = PBXNativeTarget;
			buildConfigurationList = BB038A52216767B30048F3F5 /* Build configuration list for PBXNativeTarget "CurrenciesCalculator" */;
			buildPhases = (
				BB038A31216767B00048F3F5 /* Sources */,
				BB038A32216767B00048F3F5 /* Frameworks */,
				BB038A33216767B00048F3F5 /* Resources */,
			);
			buildRules = (
			);
			dependencies = (
			);
			name = CurrenciesCalculator;
			productName = CurrenciesCalculator;
			productReference = BB038A35216767B00048F3F5 /* CurrenciesCalculator.app */;
			productType = "com.apple.product-type.application";
		};
		BB038A48216767B30048F3F5 /* CurrenciesCalculatorTests */ = {
			isa = PBXNativeTarget;
			buildConfigurationList = BB038A55216767B30048F3F5 /* Build configuration list for PBXNativeTarget "CurrenciesCalculatorTests" */;
			buildPhases = (
				BB038A45216767B30048F3F5 /* Sources */,
				BB038A46216767B30048F3F5 /* Frameworks */,
				BB038A47216767B30048F3F5 /* Resources */,
			);
			buildRules = (
			);
			dependencies = (
				BB038A4B216767B30048F3F5 /* PBXTargetDependency */,
			);
			name = CurrenciesCalculatorTests;
			productName = CurrenciesCalculatorTests;
			productReference = BB038A49216767B30048F3F5 /* CurrenciesCalculatorTests.xctest */;
			productType = "com.apple.product-type.bundle.unit-test";
		};
/* End PBXNativeTarget section */

/* Begin PBXProject section */
		BB038A2D216767B00048F3F5 /* Project object */ = {
			isa = PBXProject;
			attributes = {
				LastSwiftUpdateCheck = 1000;
				LastUpgradeCheck = 1000;
				ORGANIZATIONNAME = i.zarubin;
				TargetAttributes = {
					BB038A34216767B00048F3F5 = {
						CreatedOnToolsVersion = 10.0;
					};
					BB038A48216767B30048F3F5 = {
						CreatedOnToolsVersion = 10.0;
						TestTargetID = BB038A34216767B00048F3F5;
					};
				};
			};
			buildConfigurationList = BB038A30216767B00048F3F5 /* Build configuration list for PBXProject "CurrenciesCalculator" */;
			compatibilityVersion = "Xcode 9.3";
			developmentRegion = en;
			hasScannedForEncodings = 0;
			knownRegions = (
				en,
				Base,
			);
			mainGroup = BB038A2C216767B00048F3F5;
			productRefGroup = BB038A36216767B00048F3F5 /* Products */;
			projectDirPath = "";
			projectRoot = "";
			targets = (
				BB038A34216767B00048F3F5 /* CurrenciesCalculator */,
				BB038A48216767B30048F3F5 /* CurrenciesCalculatorTests */,
			);
		};
/* End PBXProject section */

/* Begin PBXResourcesBuildPhase section */
		BB038A33216767B00048F3F5 /* Resources */ = {
			isa = PBXResourcesBuildPhase;
			buildActionMask = 2147483647;
			files = (
				BB038A43216767B20048F3F5 /* LaunchScreen.storyboard in Resources */,
				BB038A40216767B20048F3F5 /* Assets.xcassets in Resources */,
			);
			runOnlyForDeploymentPostprocessing = 0;
		};
		BB038A47216767B30048F3F5 /* Resources */ = {
			isa = PBXResourcesBuildPhase;
			buildActionMask = 2147483647;
			files = (
				39849A15216808FA005AE113 /* DummyJSON.json in Resources */,
			);
			runOnlyForDeploymentPostprocessing = 0;
		};
/* End PBXResourcesBuildPhase section */

/* Begin PBXSourcesBuildPhase section */
		BB038A31216767B00048F3F5 /* Sources */ = {
			isa = PBXSourcesBuildPhase;
			buildActionMask = 2147483647;
			files = (
				BB038A6B21678FC40048F3F5 /* CurrenciesCalculatorProtocols.swift in Sources */,
				BB038A39216767B00048F3F5 /* AppDelegate.swift in Sources */,
				BB038A6821678FC40048F3F5 /* CurrenciesCalculatorPresenter.swift in Sources */,
				BB038A5C2167699F0048F3F5 /* ViewSize.swift in Sources */,
				BB038A7621679F910048F3F5 /* Result.swift in Sources */,
				BB038A602167873D0048F3F5 /* CurrenciesDataDisplayManager.swift in Sources */,
				BB038A5E21676B420048F3F5 /* CurrencyCellViewModel.swift in Sources */,
				BB038A702167909D0048F3F5 /* Currency.swift in Sources */,
				39849A0B2167EA33005AE113 /* Sampler.swift in Sources */,
				BB038A6A21678FC40048F3F5 /* CurrenciesCalculatorViewController.swift in Sources */,
				39849A0E21680650005AE113 /* Endpoint.swift in Sources */,
				BB038A6C21678FC40048F3F5 /* CurrenciesCalculatorInteractor.swift in Sources */,
				BB038A72216792CF0048F3F5 /* NetworkClient.swift in Sources */,
				BB038A6D21678FC40048F3F5 /* CurrenciesCalculatorContainer.swift in Sources */,
				BB038A5A216768490048F3F5 /* CurrencyTableViewCell.swift in Sources */,
				BB038A7421679F3D0048F3F5 /* CurrenciesService.swift in Sources */,
			);
			runOnlyForDeploymentPostprocessing = 0;
		};
		BB038A45216767B30048F3F5 /* Sources */ = {
			isa = PBXSourcesBuildPhase;
			buildActionMask = 2147483647;
			files = (
				BB038A4E216767B30048F3F5 /* CurrenciesCalculatorTests.swift in Sources */,
				39849A21216811CC005AE113 /* CurrenciesCalculatorViewStub.swift in Sources */,
				39849A11216806B7005AE113 /* NetworkClientMock.swift in Sources */,
				39849A1721680929005AE113 /* JSONProvider.swift in Sources */,
				39849A1F21681074005AE113 /* CurrenciesCalculatorInteractorMock.swift in Sources */,
				39849A1C21680FCB005AE113 /* CurrenciesCalculatorPresenterTests.swift in Sources */,
				39849A1921680BA3005AE113 /* EntityProvider.swift in Sources */,
			);
			runOnlyForDeploymentPostprocessing = 0;
		};
/* End PBXSourcesBuildPhase section */

/* Begin PBXTargetDependency section */
		BB038A4B216767B30048F3F5 /* PBXTargetDependency */ = {
			isa = PBXTargetDependency;
			target = BB038A34216767B00048F3F5 /* CurrenciesCalculator */;
			targetProxy = BB038A4A216767B30048F3F5 /* PBXContainerItemProxy */;
		};
/* End PBXTargetDependency section */

/* Begin PBXVariantGroup section */
		BB038A41216767B20048F3F5 /* LaunchScreen.storyboard */ = {
			isa = PBXVariantGroup;
			children = (
				BB038A42216767B20048F3F5 /* Base */,
			);
			name = LaunchScreen.storyboard;
			sourceTree = "<group>";
		};
/* End PBXVariantGroup section */

/* Begin XCBuildConfiguration section */
		BB038A50216767B30048F3F5 /* Debug */ = {
			isa = XCBuildConfiguration;
			buildSettings = {
				ALWAYS_SEARCH_USER_PATHS = NO;
				CLANG_ANALYZER_NONNULL = YES;
				CLANG_ANALYZER_NUMBER_OBJECT_CONVERSION = YES_AGGRESSIVE;
				CLANG_CXX_LANGUAGE_STANDARD = "gnu++14";
				CLANG_CXX_LIBRARY = "libc++";
				CLANG_ENABLE_MODULES = YES;
				CLANG_ENABLE_OBJC_ARC = YES;
				CLANG_ENABLE_OBJC_WEAK = YES;
				CLANG_WARN_BLOCK_CAPTURE_AUTORELEASING = YES;
				CLANG_WARN_BOOL_CONVERSION = YES;
				CLANG_WARN_COMMA = YES;
				CLANG_WARN_CONSTANT_CONVERSION = YES;
				CLANG_WARN_DEPRECATED_OBJC_IMPLEMENTATIONS = YES;
				CLANG_WARN_DIRECT_OBJC_ISA_USAGE = YES_ERROR;
				CLANG_WARN_DOCUMENTATION_COMMENTS = YES;
				CLANG_WARN_EMPTY_BODY = YES;
				CLANG_WARN_ENUM_CONVERSION = YES;
				CLANG_WARN_INFINITE_RECURSION = YES;
				CLANG_WARN_INT_CONVERSION = YES;
				CLANG_WARN_NON_LITERAL_NULL_CONVERSION = YES;
				CLANG_WARN_OBJC_IMPLICIT_RETAIN_SELF = YES;
				CLANG_WARN_OBJC_LITERAL_CONVERSION = YES;
				CLANG_WARN_OBJC_ROOT_CLASS = YES_ERROR;
				CLANG_WARN_RANGE_LOOP_ANALYSIS = YES;
				CLANG_WARN_STRICT_PROTOTYPES = YES;
				CLANG_WARN_SUSPICIOUS_MOVE = YES;
				CLANG_WARN_UNGUARDED_AVAILABILITY = YES_AGGRESSIVE;
				CLANG_WARN_UNREACHABLE_CODE = YES;
				CLANG_WARN__DUPLICATE_METHOD_MATCH = YES;
				CODE_SIGN_IDENTITY = "iPhone Developer";
				COPY_PHASE_STRIP = NO;
				DEBUG_INFORMATION_FORMAT = dwarf;
				ENABLE_STRICT_OBJC_MSGSEND = YES;
				ENABLE_TESTABILITY = YES;
				GCC_C_LANGUAGE_STANDARD = gnu11;
				GCC_DYNAMIC_NO_PIC = NO;
				GCC_NO_COMMON_BLOCKS = YES;
				GCC_OPTIMIZATION_LEVEL = 0;
				GCC_PREPROCESSOR_DEFINITIONS = (
					"DEBUG=1",
					"$(inherited)",
				);
				GCC_WARN_64_TO_32_BIT_CONVERSION = YES;
				GCC_WARN_ABOUT_RETURN_TYPE = YES_ERROR;
				GCC_WARN_UNDECLARED_SELECTOR = YES;
				GCC_WARN_UNINITIALIZED_AUTOS = YES_AGGRESSIVE;
				GCC_WARN_UNUSED_FUNCTION = YES;
				GCC_WARN_UNUSED_VARIABLE = YES;
				IPHONEOS_DEPLOYMENT_TARGET = 12.0;
				MTL_ENABLE_DEBUG_INFO = INCLUDE_SOURCE;
				MTL_FAST_MATH = YES;
				ONLY_ACTIVE_ARCH = YES;
				SDKROOT = iphoneos;
				SWIFT_ACTIVE_COMPILATION_CONDITIONS = DEBUG;
				SWIFT_OPTIMIZATION_LEVEL = "-Onone";
			};
			name = Debug;
		};
		BB038A51216767B30048F3F5 /* Release */ = {
			isa = XCBuildConfiguration;
			buildSettings = {
				ALWAYS_SEARCH_USER_PATHS = NO;
				CLANG_ANALYZER_NONNULL = YES;
				CLANG_ANALYZER_NUMBER_OBJECT_CONVERSION = YES_AGGRESSIVE;
				CLANG_CXX_LANGUAGE_STANDARD = "gnu++14";
				CLANG_CXX_LIBRARY = "libc++";
				CLANG_ENABLE_MODULES = YES;
				CLANG_ENABLE_OBJC_ARC = YES;
				CLANG_ENABLE_OBJC_WEAK = YES;
				CLANG_WARN_BLOCK_CAPTURE_AUTORELEASING = YES;
				CLANG_WARN_BOOL_CONVERSION = YES;
				CLANG_WARN_COMMA = YES;
				CLANG_WARN_CONSTANT_CONVERSION = YES;
				CLANG_WARN_DEPRECATED_OBJC_IMPLEMENTATIONS = YES;
				CLANG_WARN_DIRECT_OBJC_ISA_USAGE = YES_ERROR;
				CLANG_WARN_DOCUMENTATION_COMMENTS = YES;
				CLANG_WARN_EMPTY_BODY = YES;
				CLANG_WARN_ENUM_CONVERSION = YES;
				CLANG_WARN_INFINITE_RECURSION = YES;
				CLANG_WARN_INT_CONVERSION = YES;
				CLANG_WARN_NON_LITERAL_NULL_CONVERSION = YES;
				CLANG_WARN_OBJC_IMPLICIT_RETAIN_SELF = YES;
				CLANG_WARN_OBJC_LITERAL_CONVERSION = YES;
				CLANG_WARN_OBJC_ROOT_CLASS = YES_ERROR;
				CLANG_WARN_RANGE_LOOP_ANALYSIS = YES;
				CLANG_WARN_STRICT_PROTOTYPES = YES;
				CLANG_WARN_SUSPICIOUS_MOVE = YES;
				CLANG_WARN_UNGUARDED_AVAILABILITY = YES_AGGRESSIVE;
				CLANG_WARN_UNREACHABLE_CODE = YES;
				CLANG_WARN__DUPLICATE_METHOD_MATCH = YES;
				CODE_SIGN_IDENTITY = "iPhone Developer";
				COPY_PHASE_STRIP = NO;
				DEBUG_INFORMATION_FORMAT = "dwarf-with-dsym";
				ENABLE_NS_ASSERTIONS = NO;
				ENABLE_STRICT_OBJC_MSGSEND = YES;
				GCC_C_LANGUAGE_STANDARD = gnu11;
				GCC_NO_COMMON_BLOCKS = YES;
				GCC_WARN_64_TO_32_BIT_CONVERSION = YES;
				GCC_WARN_ABOUT_RETURN_TYPE = YES_ERROR;
				GCC_WARN_UNDECLARED_SELECTOR = YES;
				GCC_WARN_UNINITIALIZED_AUTOS = YES_AGGRESSIVE;
				GCC_WARN_UNUSED_FUNCTION = YES;
				GCC_WARN_UNUSED_VARIABLE = YES;
				IPHONEOS_DEPLOYMENT_TARGET = 12.0;
				MTL_ENABLE_DEBUG_INFO = NO;
				MTL_FAST_MATH = YES;
				SDKROOT = iphoneos;
				SWIFT_COMPILATION_MODE = wholemodule;
				SWIFT_OPTIMIZATION_LEVEL = "-O";
				VALIDATE_PRODUCT = YES;
			};
			name = Release;
		};
		BB038A53216767B30048F3F5 /* Debug */ = {
			isa = XCBuildConfiguration;
			buildSettings = {
				ASSETCATALOG_COMPILER_APPICON_NAME = AppIcon;
				CODE_SIGN_STYLE = Automatic;
				DEVELOPMENT_TEAM = 86ES72U35G;
				INFOPLIST_FILE = CurrenciesCalculator/Info.plist;
				LD_RUNPATH_SEARCH_PATHS = (
					"$(inherited)",
					"@executable_path/Frameworks",
				);
				PRODUCT_BUNDLE_IDENTIFIER = com.izarubinn.currenciesCalculator.CurrenciesCalculator;
				PRODUCT_NAME = "$(TARGET_NAME)";
				SWIFT_VERSION = 4.2;
				TARGETED_DEVICE_FAMILY = "1,2";
			};
			name = Debug;
		};
		BB038A54216767B30048F3F5 /* Release */ = {
			isa = XCBuildConfiguration;
			buildSettings = {
				ASSETCATALOG_COMPILER_APPICON_NAME = AppIcon;
				CODE_SIGN_STYLE = Automatic;
				DEVELOPMENT_TEAM = 86ES72U35G;
				INFOPLIST_FILE = CurrenciesCalculator/Info.plist;
				LD_RUNPATH_SEARCH_PATHS = (
					"$(inherited)",
					"@executable_path/Frameworks",
				);
				PRODUCT_BUNDLE_IDENTIFIER = com.izarubinn.currenciesCalculator.CurrenciesCalculator;
				PRODUCT_NAME = "$(TARGET_NAME)";
				SWIFT_VERSION = 4.2;
				TARGETED_DEVICE_FAMILY = "1,2";
			};
			name = Release;
		};
		BB038A56216767B30048F3F5 /* Debug */ = {
			isa = XCBuildConfiguration;
			buildSettings = {
				ALWAYS_EMBED_SWIFT_STANDARD_LIBRARIES = YES;
				BUNDLE_LOADER = "$(TEST_HOST)";
				CODE_SIGN_STYLE = Automatic;
				DEVELOPMENT_TEAM = 86ES72U35G;
				INFOPLIST_FILE = CurrenciesCalculatorTests/Info.plist;
				LD_RUNPATH_SEARCH_PATHS = (
					"$(inherited)",
					"@executable_path/Frameworks",
					"@loader_path/Frameworks",
				);
				PRODUCT_BUNDLE_IDENTIFIER = com.izarubinn.currenciesCalculator.CurrenciesCalculatorTests;
				PRODUCT_NAME = "$(TARGET_NAME)";
				SWIFT_VERSION = 4.2;
				TARGETED_DEVICE_FAMILY = "1,2";
				TEST_HOST = "$(BUILT_PRODUCTS_DIR)/CurrenciesCalculator.app/CurrenciesCalculator";
			};
			name = Debug;
		};
		BB038A57216767B30048F3F5 /* Release */ = {
			isa = XCBuildConfiguration;
			buildSettings = {
				ALWAYS_EMBED_SWIFT_STANDARD_LIBRARIES = YES;
				BUNDLE_LOADER = "$(TEST_HOST)";
				CODE_SIGN_STYLE = Automatic;
				DEVELOPMENT_TEAM = 86ES72U35G;
				INFOPLIST_FILE = CurrenciesCalculatorTests/Info.plist;
				LD_RUNPATH_SEARCH_PATHS = (
					"$(inherited)",
					"@executable_path/Frameworks",
					"@loader_path/Frameworks",
				);
				PRODUCT_BUNDLE_IDENTIFIER = com.izarubinn.currenciesCalculator.CurrenciesCalculatorTests;
				PRODUCT_NAME = "$(TARGET_NAME)";
				SWIFT_VERSION = 4.2;
				TARGETED_DEVICE_FAMILY = "1,2";
				TEST_HOST = "$(BUILT_PRODUCTS_DIR)/CurrenciesCalculator.app/CurrenciesCalculator";
			};
			name = Release;
		};
/* End XCBuildConfiguration section */

/* Begin XCConfigurationList section */
		BB038A30216767B00048F3F5 /* Build configuration list for PBXProject "CurrenciesCalculator" */ = {
			isa = XCConfigurationList;
			buildConfigurations = (
				BB038A50216767B30048F3F5 /* Debug */,
				BB038A51216767B30048F3F5 /* Release */,
			);
			defaultConfigurationIsVisible = 0;
			defaultConfigurationName = Release;
		};
		BB038A52216767B30048F3F5 /* Build configuration list for PBXNativeTarget "CurrenciesCalculator" */ = {
			isa = XCConfigurationList;
			buildConfigurations = (
				BB038A53216767B30048F3F5 /* Debug */,
				BB038A54216767B30048F3F5 /* Release */,
			);
			defaultConfigurationIsVisible = 0;
			defaultConfigurationName = Release;
		};
		BB038A55216767B30048F3F5 /* Build configuration list for PBXNativeTarget "CurrenciesCalculatorTests" */ = {
			isa = XCConfigurationList;
			buildConfigurations = (
				BB038A56216767B30048F3F5 /* Debug */,
				BB038A57216767B30048F3F5 /* Release */,
			);
			defaultConfigurationIsVisible = 0;
			defaultConfigurationName = Release;
		};
/* End XCConfigurationList section */
	};
	rootObject = BB038A2D216767B00048F3F5 /* Project object */;
}
